
Microsoft Visual Studio Solution File, Format Version 12.00
# Visual Studio 15
VisualStudioVersion = 15.0.26430.6
MinimumVisualStudioVersion = 10.0.40219.1
Project("{FAE04EC0-301F-11D3-BF4B-00C04F79EFBC}") = "SpaceCamp", "SpaceCamp\SpaceCamp.csproj", "{3BA601E3-0139-46F5-89F9-228C89523299}"
EndProject
Project("{FAE04EC0-301F-11D3-BF4B-00C04F79EFBC}") = "SpaceEngine", "SpaceEngine\SpaceEngine.csproj", "{028BF93D-916E-4A81-8874-663969632A00}"
EndProject
Global
	GlobalSection(SolutionConfigurationPlatforms) = preSolution
		Debug|Any CPU = Debug|Any CPU
		Release|Any CPU = Release|Any CPU
	EndGlobalSection
	GlobalSection(ProjectConfigurationPlatforms) = postSolution
		{3BA601E3-0139-46F5-89F9-228C89523299}.Debug|Any CPU.ActiveCfg = Debug|Any CPU
		{3BA601E3-0139-46F5-89F9-228C89523299}.Debug|Any CPU.Build.0 = Debug|Any CPU
		{3BA601E3-0139-46F5-89F9-228C89523299}.Release|Any CPU.ActiveCfg = Release|Any CPU
		{3BA601E3-0139-46F5-89F9-228C89523299}.Release|Any CPU.Build.0 = Release|Any CPU
		{028BF93D-916E-4A81-8874-663969632A00}.Debug|Any CPU.ActiveCfg = Debug|Any CPU
		{028BF93D-916E-4A81-8874-663969632A00}.Debug|Any CPU.Build.0 = Debug|Any CPU
		{028BF93D-916E-4A81-8874-663969632A00}.Release|Any CPU.ActiveCfg = Release|Any CPU
		{028BF93D-916E-4A81-8874-663969632A00}.Release|Any CPU.Build.0 = Release|Any CPU
	EndGlobalSection
	GlobalSection(SolutionProperties) = preSolution
		HideSolutionNode = FALSE
	EndGlobalSection
EndGlobal
